
Microsoft Visual Studio Solution File, Format Version 12.00
# Visual Studio Version 17
VisualStudioVersion = 17.2.32526.322
MinimumVisualStudioVersion = 10.0.40219.1
Project("{FAE04EC0-301F-11D3-BF4B-00C04F79EFBC}") = "Todo", "Todo\Todo.csproj", "{329FA853-561F-4AA3-9FED-DAE2F3E6746E}"
EndProject
Global
	GlobalSection(SolutionConfigurationPlatforms) = preSolution
		Debug|Any CPU = Debug|Any CPU
		Release|Any CPU = Release|Any CPU
	EndGlobalSection
	GlobalSection(ProjectConfigurationPlatforms) = postSolution
		{329FA853-561F-4AA3-9FED-DAE2F3E6746E}.Debug|Any CPU.ActiveCfg = Debug|Any CPU
		{329FA853-561F-4AA3-9FED-DAE2F3E6746E}.Debug|Any CPU.Build.0 = Debug|Any CPU
		{329FA853-561F-4AA3-9FED-DAE2F3E6746E}.Release|Any CPU.ActiveCfg = Release|Any CPU
		{329FA853-561F-4AA3-9FED-DAE2F3E6746E}.Release|Any CPU.Build.0 = Release|Any CPU
	EndGlobalSection
	GlobalSection(SolutionProperties) = preSolution
		HideSolutionNode = FALSE
	EndGlobalSection
	GlobalSection(ExtensibilityGlobals) = postSolution
		SolutionGuid = {FFB5372D-30F9-4BE4-ABEC-BF90F2DE7BFA}
	EndGlobalSection
EndGlobal
